
Microsoft Visual Studio Solution File, Format Version 12.00
Project("{FAE04EC0-301F-11D3-BF4B-00C04F79EFBC}") = "BlazorPersonalWebsite", "BlazorPersonalWebsite.csproj", "{957ABE3B-BD48-4596-AD8C-DB22383BDC40}"
EndProject
Global
	GlobalSection(SolutionConfigurationPlatforms) = preSolution
		Debug|Any CPU = Debug|Any CPU
		Release|Any CPU = Release|Any CPU
	EndGlobalSection
	GlobalSection(ProjectConfigurationPlatforms) = postSolution
		{957ABE3B-BD48-4596-AD8C-DB22383BDC40}.Debug|Any CPU.ActiveCfg = Debug|Any CPU
		{957ABE3B-BD48-4596-AD8C-DB22383BDC40}.Debug|Any CPU.Build.0 = Debug|Any CPU
		{957ABE3B-BD48-4596-AD8C-DB22383BDC40}.Release|Any CPU.ActiveCfg = Release|Any CPU
		{957ABE3B-BD48-4596-AD8C-DB22383BDC40}.Release|Any CPU.Build.0 = Release|Any CPU
	EndGlobalSection
EndGlobal
